PODS:
  - amplify_auth_cognito (0.0.1):
    - Flutter
    - FlutterMacOS
  - amplify_secure_storage (0.0.1):
    - Flutter
  - device_info_plus (0.0.1):
    - Flutter
  - Flutter (1.0.0)
  - package_info_plus (0.4.5):
    - Flutter
  - path_provider_foundation (0.0.1):
    - Flutter
    - FlutterMacOS

DEPENDENCIES:
  - amplify_auth_cognito (from `.symlinks/plugins/amplify_auth_cognito/darwin`)
  - amplify_secure_storage (from `.symlinks/plugins/amplify_secure_storage/ios`)
  - device_info_plus (from `.symlinks/plugins/device_info_plus/ios`)
  - Flutter (from `Flutter`)
  - package_info_plus (from `.symlinks/plugins/package_info_plus/ios`)
  - path_provider_foundation (from `.symlinks/plugins/path_provider_foundation/darwin`)

EXTERNAL SOURCES:
  amplify_auth_cognito:
    :path: ".symlinks/plugins/amplify_auth_cognito/darwin"
  amplify_secure_storage:
    :path: ".symlinks/plugins/amplify_secure_storage/ios"
  device_info_plus:
    :path: ".symlinks/plugins/device_info_plus/ios"
  Flutter:
    :path: Flutter
  package_info_plus:
    :path: ".symlinks/plugins/package_info_plus/ios"
  path_provider_foundation:
    :path: ".symlinks/plugins/path_provider_foundation/darwin"

SPEC CHECKSUMS:
  amplify_auth_cognito: 76b5a54f05f66f69966b468b8121a0dd33a32c70
  amplify_secure_storage: 501cbdac671a050090d48dfcc002d5637d3f4a55
  device_info_plus: 7545d84d8d1b896cb16a4ff98c19f07ec4b298ea
  Flutter: f04841e97a9d0b0a8025694d0796dd46242b2854
  package_info_plus: fd030dabf36271f146f1f3beacd48f564b0f17f7
  path_provider_foundation: eaf5b3e458fc0e5fbb9940fb09980e853fe058b8

PODFILE CHECKSUM: 9c46fd01abff66081b39f5fa5767b3f1d0b11d76

COCOAPODS: 1.12.1
